
Microsoft Visual Studio Solution File, Format Version 12.00
# Visual Studio Version 16
VisualStudioVersion = 16.0.30225.117
MinimumVisualStudioVersion = 10.0.40219.1
Project("{FAE04EC0-301F-11D3-BF4B-00C04F79EFBC}") = "CarTime", "CarTime\CarTime.csproj", "{66348E4B-CE83-4209-BDD3-89A52324F205}"
EndProject
Global
	GlobalSection(SolutionConfigurationPlatforms) = preSolution
		Debug|Any CPU = Debug|Any CPU
		Release|Any CPU = Release|Any CPU
	EndGlobalSection
	GlobalSection(ProjectConfigurationPlatforms) = postSolution
		{66348E4B-CE83-4209-BDD3-89A52324F205}.Debug|Any CPU.ActiveCfg = Debug|Any CPU
		{66348E4B-CE83-4209-BDD3-89A52324F205}.Debug|Any CPU.Build.0 = Debug|Any CPU
		{66348E4B-CE83-4209-BDD3-89A52324F205}.Release|Any CPU.ActiveCfg = Release|Any CPU
		{66348E4B-CE83-4209-BDD3-89A52324F205}.Release|Any CPU.Build.0 = Release|Any CPU
	EndGlobalSection
	GlobalSection(SolutionProperties) = preSolution
		HideSolutionNode = FALSE
	EndGlobalSection
	GlobalSection(ExtensibilityGlobals) = postSolution
		SolutionGuid = {13CA2278-86BA-4D6F-B51C-A693EA2BF8BC}
	EndGlobalSection
EndGlobal
